
Microsoft Visual Studio Solution File, Format Version 12.00
# Visual Studio 15
VisualStudioVersion = 15.0.28307.960
MinimumVisualStudioVersion = 10.0.40219.1
Project("{9A19103F-16F7-4668-BE54-9A1E7A4F7556}") = "DevOpsDemo", "DevOpsDemo\DevOpsDemo.csproj", "{3BD24D14-C85F-47E6-B13D-ED28D4485246}"
EndProject
Project("{FAE04EC0-301F-11D3-BF4B-00C04F79EFBC}") = "DevOpsDemo.Test", "DevOpsDemo.Test\DevOpsDemo.Test.csproj", "{D8A3B84C-EB94-4E8C-9812-2EA1181A8551}"
EndProject
Global
	GlobalSection(SolutionConfigurationPlatforms) = preSolution
		Debug|Any CPU = Debug|Any CPU
		Release|Any CPU = Release|Any CPU
	EndGlobalSection
	GlobalSection(ProjectConfigurationPlatforms) = postSolution
		{3BD24D14-C85F-47E6-B13D-ED28D4485246}.Debug|Any CPU.ActiveCfg = Debug|Any CPU
		{3BD24D14-C85F-47E6-B13D-ED28D4485246}.Debug|Any CPU.Build.0 = Debug|Any CPU
		{3BD24D14-C85F-47E6-B13D-ED28D4485246}.Release|Any CPU.ActiveCfg = Release|Any CPU
		{3BD24D14-C85F-47E6-B13D-ED28D4485246}.Release|Any CPU.Build.0 = Release|Any CPU
		{D8A3B84C-EB94-4E8C-9812-2EA1181A8551}.Debug|Any CPU.ActiveCfg = Debug|Any CPU
		{D8A3B84C-EB94-4E8C-9812-2EA1181A8551}.Debug|Any CPU.Build.0 = Debug|Any CPU
		{D8A3B84C-EB94-4E8C-9812-2EA1181A8551}.Release|Any CPU.ActiveCfg = Release|Any CPU
		{D8A3B84C-EB94-4E8C-9812-2EA1181A8551}.Release|Any CPU.Build.0 = Release|Any CPU
	EndGlobalSection
	GlobalSection(SolutionProperties) = preSolution
		HideSolutionNode = FALSE
	EndGlobalSection
	GlobalSection(ExtensibilityGlobals) = postSolution
		SolutionGuid = {49B07EC0-FB15-4401-B7F9-D2A0B15DD44B}
	EndGlobalSection
EndGlobal
